{"projectHash":"fb65cfc1ef3f81ac07e5a3dcb725dab568128f58","productModuleName":"SpontanUnitTest","mockedTypeNames":["\/Users\/aliyuolalekan\/MyProjects\/Spontan\/iosApp\/SpontanUnitTest\/SpontanUnitTest.swift",[],"\/Users\/aliyuolalekan\/MyProjects\/Spontan\/iosApp\/SpontanUnitTest\/LoginUseCaseTest.swift",[]],"cliVersion":"0.20.0","sourceFilePaths":[{"path":"\/Users\/aliyuolalekan\/MyProjects\/Spontan\/iosApp\/SpontanUnitTest\/LoginUseCaseTest.swift","hash":"6d1de8d948d756f55bb67528f69007c590b2a212"},{"path":"\/Users\/aliyuolalekan\/MyProjects\/Spontan\/iosApp\/SpontanUnitTest\/SpontanUnitTest.swift","hash":"424c52edd0516f08ad3ede79d8933e95cddd45c9"}],"sourceRoot":"\/Users\/aliyuolalekan\/MyProjects\/Spontan\/iosApp","dependencies":[],"name":"SpontanUnitTest"}